dependencies:
- name: grafana
  repository: https://grafana.github.io/helm-charts
  version: 7.3.10
- name: alertmanager
  repository: https://prometheus-community.github.io/helm-charts
  version: 1.9.0
digest: sha256:fa01c52bd2a9f3081904952215c3a94de19b6eca78ee3c7c7baad70581d65e19
generated: "2025-06-22T23:13:27.396896+02:00"
